{
  "name": "dev-meeting-apollo-graphql",
  "version": "1.0.0",
  "lockfileVersion": 2,
  "requires": true,
  "packages": {
    "": {
      "name": "dev-meeting-apollo-graphql",
      "version": "1.0.0",
      "license": "ISC",
      "devDependencies": {
        "@pxlwidgets/tsconfig": "^3.0.2"
      }
    },
    "node_modules/@pxlwidgets/tsconfig": {
      "version": "3.0.2",
      "resolved": "https://registry.npmjs.org/@pxlwidgets/tsconfig/-/tsconfig-3.0.2.tgz",
      "integrity": "sha512-ydxt9kdovm+wwepDSZpE3/OdFfFgC3s0JdpjuEpYDKBuGx/59oI6hVIeT9CEj7pQZlSpIvpJN98Kr6sYyujzOw==",
      "dev": true,
      "dependencies": {
        "tslib": "^2.2.0"
      },
      "peerDependencies": {
        "typescript": "4.x"
      }
    },
    "node_modules/tslib": {
      "version": "2.3.1",
      "resolved": "https://registry.npmjs.org/tslib/-/tslib-2.3.1.tgz",
      "integrity": "sha512-77EbyPPpMz+FRFRuAFlWMtmgUWGe9UOG2Z25NqCwiIjRhOf5iKGuzSe5P2w1laq+FkRy4p+PCuVkJSGkzTEKVw==",
      "dev": true
    },
    "node_modules/typescript": {
      "version": "4.5.5",
      "resolved": "https://registry.npmjs.org/typescript/-/typescript-4.5.5.tgz",
      "integrity": "sha512-TCTIul70LyWe6IJWT8QSYeA54WQe8EjQFU4wY52Fasj5UKx88LNYKCgBEHcOMOrFF1rKGbD8v/xcNWVUq9SymA==",
      "dev": true,
      "peer": true,
      "bin": {
        "tsc": "bin/tsc",
        "tsserver": "bin/tsserver"
      },
      "engines": {
        "node": ">=4.2.0"
      }
    }
  },
  "dependencies": {
    "@pxlwidgets/tsconfig": {
      "version": "3.0.2",
      "resolved": "https://registry.npmjs.org/@pxlwidgets/tsconfig/-/tsconfig-3.0.2.tgz",
      "integrity": "sha512-ydxt9kdovm+wwepDSZpE3/OdFfFgC3s0JdpjuEpYDKBuGx/59oI6hVIeT9CEj7pQZlSpIvpJN98Kr6sYyujzOw==",
      "dev": true,
      "requires": {
        "tslib": "^2.2.0"
      }
    },
    "tslib": {
      "version": "2.3.1",
      "resolved": "https://registry.npmjs.org/tslib/-/tslib-2.3.1.tgz",
      "integrity": "sha512-77EbyPPpMz+FRFRuAFlWMtmgUWGe9UOG2Z25NqCwiIjRhOf5iKGuzSe5P2w1laq+FkRy4p+PCuVkJSGkzTEKVw==",
      "dev": true
    },
    "typescript": {
      "version": "4.5.5",
      "resolved": "https://registry.npmjs.org/typescript/-/typescript-4.5.5.tgz",
      "integrity": "sha512-TCTIul70LyWe6IJWT8QSYeA54WQe8EjQFU4wY52Fasj5UKx88LNYKCgBEHcOMOrFF1rKGbD8v/xcNWVUq9SymA==",
      "dev": true,
      "peer": true
    }
  }
}
